// !$*UTF8*$!
{
	archiveVersion = 1;
	classes = {
	};
	objectVersion = 77;
	objects = {

/* Begin PBXBuildFile section */
		1592664ACFBA6A38876FD1AC /* SetDefaultAppsXApp.swift in Sources */ = {isa = PBXBuildFile; fileRef = 053C0C80387E486129C3C99A /* SetDefaultAppsXApp.swift */; };
		677499E815AF12EC9AF92BB7 /* DefaultAppStore.swift in Sources */ = {isa = PBXBuildFile; fileRef = 29942988640A11D1F538548A /* DefaultAppStore.swift */; };
		6B6E8D8F3CFA04744929FE73 /* ContentView.swift in Sources */ = {isa = PBXBuildFile; fileRef = ECFFDD1366B4AA6197C1996D /* ContentView.swift */; };
		9133DA78CB1B35CDFB637789 /* FileTypeDefinitions.swift in Sources */ = {isa = PBXBuildFile; fileRef = 2528D608CA179539BC100D74 /* FileTypeDefinitions.swift */; };
		91A03B9411BEE0CDAFA0F87B /* Assets.xcassets in Resources */ = {isa = PBXBuildFile; fileRef = E4377F3BA5E0784688419B68 /* Assets.xcassets */; };
/* End PBXBuildFile section */

/* Begin PBXFileReference section */
		053C0C80387E486129C3C99A /* SetDefaultAppsXApp.swift */ = {isa = PBXFileReference; lastKnownFileType = sourcecode.swift; path = SetDefaultAppsXApp.swift; sourceTree = "<group>"; };
		2528D608CA179539BC100D74 /* FileTypeDefinitions.swift */ = {isa = PBXFileReference; lastKnownFileType = sourcecode.swift; path = FileTypeDefinitions.swift; sourceTree = "<group>"; };
		29942988640A11D1F538548A /* DefaultAppStore.swift */ = {isa = PBXFileReference; lastKnownFileType = sourcecode.swift; path = DefaultAppStore.swift; sourceTree = "<group>"; };
		53CD0F3E8B3457C497D57851 /* SetDefaultAppsX.app */ = {isa = PBXFileReference; explicitFileType = wrapper.application; includeInIndex = 0; path = SetDefaultAppsX.app; sourceTree = BUILT_PRODUCTS_DIR; };
		E4377F3BA5E0784688419B68 /* Assets.xcassets */ = {isa = PBXFileReference; lastKnownFileType = folder.assetcatalog; path = Assets.xcassets; sourceTree = "<group>"; };
		ECFFDD1366B4AA6197C1996D /* ContentView.swift */ = {isa = PBXFileReference; lastKnownFileType = sourcecode.swift; path = ContentView.swift; sourceTree = "<group>"; };
/* End PBXFileReference section */

/* Begin PBXGroup section */
		26D71C4161FF70B6DC199BA0 /* App */ = {
			isa = PBXGroup;
			children = (
				E4377F3BA5E0784688419B68 /* Assets.xcassets */,
			);
			path = App;
			sourceTree = "<group>";
		};
		780EDFACE772431E4E3BC311 /* Products */ = {
			isa = PBXGroup;
			children = (
				53CD0F3E8B3457C497D57851 /* SetDefaultAppsX.app */,
			);
			name = Products;
			sourceTree = "<group>";
		};
		DF76133B071C9DB538EFB256 /* Sources */ = {
			isa = PBXGroup;
			children = (
				ECFFDD1366B4AA6197C1996D /* ContentView.swift */,
				29942988640A11D1F538548A /* DefaultAppStore.swift */,
				2528D608CA179539BC100D74 /* FileTypeDefinitions.swift */,
				053C0C80387E486129C3C99A /* SetDefaultAppsXApp.swift */,
			);
			path = Sources;
			sourceTree = "<group>";
		};
		F4A276CA4DE11BF0673216C5 = {
			isa = PBXGroup;
			children = (
				26D71C4161FF70B6DC199BA0 /* App */,
				DF76133B071C9DB538EFB256 /* Sources */,
				780EDFACE772431E4E3BC311 /* Products */,
			);
			sourceTree = "<group>";
		};
/* End PBXGroup section */

/* Begin PBXNativeTarget section */
		D71FA3D38F99EC504256F564 /* SetDefaultAppsX */ = {
			isa = PBXNativeTarget;
			buildConfigurationList = 87B1955B7075DC71C427654B /* Build configuration list for PBXNativeTarget "SetDefaultAppsX" */;
			buildPhases = (
				BBBCCE694FB903E0880A60F5 /* Sources */,
				860578F970946FE6558C0CD3 /* Resources */,
			);
			buildRules = (
			);
			dependencies = (
			);
			name = SetDefaultAppsX;
			packageProductDependencies = (
			);
			productName = SetDefaultAppsX;
			productReference = 53CD0F3E8B3457C497D57851 /* SetDefaultAppsX.app */;
			productType = "com.apple.product-type.application";
		};
/* End PBXNativeTarget section */

/* Begin PBXProject section */
		4F93897D4EED6F60A470C06B /* Project object */ = {
			isa = PBXProject;
			attributes = {
				BuildIndependentTargetsInParallel = YES;
				LastUpgradeCheck = 1600;
				TargetAttributes = {
					D71FA3D38F99EC504256F564 = {
						ProvisioningStyle = Automatic;
					};
				};
			};
			buildConfigurationList = D03816B8755A102D58ADB990 /* Build configuration list for PBXProject "SetDefaultAppsX" */;
			compatibilityVersion = "Xcode 14.0";
			developmentRegion = en;
			hasScannedForEncodings = 0;
			knownRegions = (
				Base,
				en,
			);
			mainGroup = F4A276CA4DE11BF0673216C5;
			minimizedProjectReferenceProxies = 1;
			preferredProjectObjectVersion = 77;
			projectDirPath = "";
			projectRoot = "";
			targets = (
				D71FA3D38F99EC504256F564 /* SetDefaultAppsX */,
			);
		};
/* End PBXProject section */

/* Begin PBXResourcesBuildPhase section */
		860578F970946FE6558C0CD3 /* Resources */ = {
			isa = PBXResourcesBuildPhase;
			buildActionMask = 2147483647;
			files = (
				91A03B9411BEE0CDAFA0F87B /* Assets.xcassets in Resources */,
			);
			runOnlyForDeploymentPostprocessing = 0;
		};
/* End PBXResourcesBuildPhase section */

/* Begin PBXSourcesBuildPhase section */
		BBBCCE694FB903E0880A60F5 /* Sources */ = {
			isa = PBXSourcesBuildPhase;
			buildActionMask = 2147483647;
			files = (
				6B6E8D8F3CFA04744929FE73 /* ContentView.swift in Sources */,
				677499E815AF12EC9AF92BB7 /* DefaultAppStore.swift in Sources */,
				9133DA78CB1B35CDFB637789 /* FileTypeDefinitions.swift in Sources */,
				1592664ACFBA6A38876FD1AC /* SetDefaultAppsXApp.swift in Sources */,
			);
			runOnlyForDeploymentPostprocessing = 0;
		};
/* End PBXSourcesBuildPhase section */

/* Begin XCBuildConfiguration section */
		353E82B8D3810810FCE8F55D /* Debug */ = {
			isa = XCBuildConfiguration;
			buildSettings = {
				ASSETCATALOG_COMPILER_APPICON_NAME = AppIcon;
				CODE_SIGN_ENTITLEMENTS = App/SetDefaultAppsX.entitlements;
				CODE_SIGN_STYLE = Automatic;
				COMBINE_HIDPI_IMAGES = YES;
				ENABLE_HARDENED_RUNTIME = YES;
				INFOPLIST_FILE = App/Info.plist;
				LD_RUNPATH_SEARCH_PATHS = (
					"$(inherited)",
					"@executable_path/../Frameworks",
				);
				PRODUCT_BUNDLE_IDENTIFIER = com.setdefaultappsx.app;
				PRODUCT_NAME = SetDefaultAppsX;
				SDKROOT = macosx;
			};
			name = Debug;
		};
		365151085ACA5AAFAECC5406 /* Debug */ = {
			isa = XCBuildConfiguration;
			buildSettings = {
				ALWAYS_SEARCH_USER_PATHS = NO;
				CLANG_ANALYZER_NONNULL = YES;
				CLANG_ANALYZER_NUMBER_OBJECT_CONVERSION = YES_AGGRESSIVE;
				CLANG_CXX_LANGUAGE_STANDARD = "gnu++14";
				CLANG_CXX_LIBRARY = "libc++";
				CLANG_ENABLE_MODULES = YES;
				CLANG_ENABLE_OBJC_ARC = YES;
				CLANG_ENABLE_OBJC_WEAK = YES;
				CLANG_WARN_BLOCK_CAPTURE_AUTORELEASING = YES;
				CLANG_WARN_BOOL_CONVERSION = YES;
				CLANG_WARN_COMMA = YES;
				CLANG_WARN_CONSTANT_CONVERSION = YES;
				CLANG_WARN_DEPRECATED_OBJC_IMPLEMENTATIONS = YES;
				CLANG_WARN_DIRECT_OBJC_ISA_USAGE = YES_ERROR;
				CLANG_WARN_DOCUMENTATION_COMMENTS = YES;
				CLANG_WARN_EMPTY_BODY = YES;
				CLANG_WARN_ENUM_CONVERSION = YES;
				CLANG_WARN_INFINITE_RECURSION = YES;
				CLANG_WARN_INT_CONVERSION = YES;
				CLANG_WARN_NON_LITERAL_NULL_CONVERSION = YES;
				CLANG_WARN_OBJC_IMPLICIT_RETAIN_SELF = YES;
				CLANG_WARN_OBJC_LITERAL_CONVERSION = YES;
				CLANG_WARN_OBJC_ROOT_CLASS = YES_ERROR;
				CLANG_WARN_QUOTED_INCLUDE_IN_FRAMEWORK_HEADER = YES;
				CLANG_WARN_RANGE_LOOP_ANALYSIS = YES;
				CLANG_WARN_STRICT_PROTOTYPES = YES;
				CLANG_WARN_SUSPICIOUS_MOVE = YES;
				CLANG_WARN_UNGUARDED_AVAILABILITY = YES_AGGRESSIVE;
				CLANG_WARN_UNREACHABLE_CODE = YES;
				CLANG_WARN__DUPLICATE_METHOD_MATCH = YES;
				COPY_PHASE_STRIP = NO;
				DEBUG_INFORMATION_FORMAT = dwarf;
				ENABLE_STRICT_OBJC_MSGSEND = YES;
				ENABLE_TESTABILITY = YES;
				GCC_C_LANGUAGE_STANDARD = gnu11;
				GCC_DYNAMIC_NO_PIC = NO;
				GCC_NO_COMMON_BLOCKS = YES;
				GCC_OPTIMIZATION_LEVEL = 0;
				GCC_PREPROCESSOR_DEFINITIONS = (
					"$(inherited)",
					"DEBUG=1",
				);
				GCC_WARN_64_TO_32_BIT_CONVERSION = YES;
				GCC_WARN_ABOUT_RETURN_TYPE = YES_ERROR;
				GCC_WARN_UNDECLARED_SELECTOR = YES;
				GCC_WARN_UNINITIALIZED_AUTOS = YES_AGGRESSIVE;
				GCC_WARN_UNUSED_FUNCTION = YES;
				GCC_WARN_UNUSED_VARIABLE = YES;
				GENERATE_INFOPLIST_FILE = NO;
				MACOSX_DEPLOYMENT_TARGET = 13.0;
				MTL_ENABLE_DEBUG_INFO = INCLUDE_SOURCE;
				MTL_FAST_MATH = YES;
				ONLY_ACTIVE_ARCH = YES;
				PRODUCT_NAME = "$(TARGET_NAME)";
				SDKROOT = macosx;
				SWIFT_ACTIVE_COMPILATION_CONDITIONS = DEBUG;
				SWIFT_OPTIMIZATION_LEVEL = "-Onone";
				SWIFT_VERSION = 6.0;
			};
			name = Debug;
		};
		D3A08B24AD746E2513609733 /* Release */ = {
			isa = XCBuildConfiguration;
			buildSettings = {
				ASSETCATALOG_COMPILER_APPICON_NAME = AppIcon;
				CODE_SIGN_ENTITLEMENTS = App/SetDefaultAppsX.entitlements;
				CODE_SIGN_STYLE = Automatic;
				COMBINE_HIDPI_IMAGES = YES;
				ENABLE_HARDENED_RUNTIME = YES;
				INFOPLIST_FILE = App/Info.plist;
				LD_RUNPATH_SEARCH_PATHS = (
					"$(inherited)",
					"@executable_path/../Frameworks",
				);
				PRODUCT_BUNDLE_IDENTIFIER = com.setdefaultappsx.app;
				PRODUCT_NAME = SetDefaultAppsX;
				SDKROOT = macosx;
			};
			name = Release;
		};
		E3B09E53F2485738D2538DEC /* Release */ = {
			isa = XCBuildConfiguration;
			buildSettings = {
				ALWAYS_SEARCH_USER_PATHS = NO;
				CLANG_ANALYZER_NONNULL = YES;
				CLANG_ANALYZER_NUMBER_OBJECT_CONVERSION = YES_AGGRESSIVE;
				CLANG_CXX_LANGUAGE_STANDARD = "gnu++14";
				CLANG_CXX_LIBRARY = "libc++";
				CLANG_ENABLE_MODULES = YES;
				CLANG_ENABLE_OBJC_ARC = YES;
				CLANG_ENABLE_OBJC_WEAK = YES;
				CLANG_WARN_BLOCK_CAPTURE_AUTORELEASING = YES;
				CLANG_WARN_BOOL_CONVERSION = YES;
				CLANG_WARN_COMMA = YES;
				CLANG_WARN_CONSTANT_CONVERSION = YES;
				CLANG_WARN_DEPRECATED_OBJC_IMPLEMENTATIONS = YES;
				CLANG_WARN_DIRECT_OBJC_ISA_USAGE = YES_ERROR;
				CLANG_WARN_DOCUMENTATION_COMMENTS = YES;
				CLANG_WARN_EMPTY_BODY = YES;
				CLANG_WARN_ENUM_CONVERSION = YES;
				CLANG_WARN_INFINITE_RECURSION = YES;
				CLANG_WARN_INT_CONVERSION = YES;
				CLANG_WARN_NON_LITERAL_NULL_CONVERSION = YES;
				CLANG_WARN_OBJC_IMPLICIT_RETAIN_SELF = YES;
				CLANG_WARN_OBJC_LITERAL_CONVERSION = YES;
				CLANG_WARN_OBJC_ROOT_CLASS = YES_ERROR;
				CLANG_WARN_QUOTED_INCLUDE_IN_FRAMEWORK_HEADER = YES;
				CLANG_WARN_RANGE_LOOP_ANALYSIS = YES;
				CLANG_WARN_STRICT_PROTOTYPES = YES;
				CLANG_WARN_SUSPICIOUS_MOVE = YES;
				CLANG_WARN_UNGUARDED_AVAILABILITY = YES_AGGRESSIVE;
				CLANG_WARN_UNREACHABLE_CODE = YES;
				CLANG_WARN__DUPLICATE_METHOD_MATCH = YES;
				COPY_PHASE_STRIP = NO;
				DEBUG_INFORMATION_FORMAT = "dwarf-with-dsym";
				ENABLE_NS_ASSERTIONS = NO;
				ENABLE_STRICT_OBJC_MSGSEND = YES;
				GCC_C_LANGUAGE_STANDARD = gnu11;
				GCC_NO_COMMON_BLOCKS = YES;
				GCC_WARN_64_TO_32_BIT_CONVERSION = YES;
				GCC_WARN_ABOUT_RETURN_TYPE = YES_ERROR;
				GCC_WARN_UNDECLARED_SELECTOR = YES;
				GCC_WARN_UNINITIALIZED_AUTOS = YES_AGGRESSIVE;
				GCC_WARN_UNUSED_FUNCTION = YES;
				GCC_WARN_UNUSED_VARIABLE = YES;
				GENERATE_INFOPLIST_FILE = NO;
				MACOSX_DEPLOYMENT_TARGET = 13.0;
				MTL_ENABLE_DEBUG_INFO = NO;
				MTL_FAST_MATH = YES;
				PRODUCT_NAME = "$(TARGET_NAME)";
				SDKROOT = macosx;
				SWIFT_COMPILATION_MODE = wholemodule;
				SWIFT_OPTIMIZATION_LEVEL = "-O";
				SWIFT_VERSION = 6.0;
			};
			name = Release;
		};
/* End XCBuildConfiguration section */

/* Begin XCConfigurationList section */
		87B1955B7075DC71C427654B /* Build configuration list for PBXNativeTarget "SetDefaultAppsX" */ = {
			isa = XCConfigurationList;
			buildConfigurations = (
				353E82B8D3810810FCE8F55D /* Debug */,
				D3A08B24AD746E2513609733 /* Release */,
			);
			defaultConfigurationIsVisible = 0;
			defaultConfigurationName = Debug;
		};
		D03816B8755A102D58ADB990 /* Build configuration list for PBXProject "SetDefaultAppsX" */ = {
			isa = XCConfigurationList;
			buildConfigurations = (
				365151085ACA5AAFAECC5406 /* Debug */,
				E3B09E53F2485738D2538DEC /* Release */,
			);
			defaultConfigurationIsVisible = 0;
			defaultConfigurationName = Debug;
		};
/* End XCConfigurationList section */
	};
	rootObject = 4F93897D4EED6F60A470C06B /* Project object */;
}
